
Microsoft Visual Studio Solution File, Format Version 12.00
# Visual Studio Version 17
VisualStudioVersion = 17.8.34309.116
MinimumVisualStudioVersion = 10.0.40219.1
Project("{FAE04EC0-301F-11D3-BF4B-00C04F79EFBC}") = "ObracunPlace", "ObracunPlace\ObracunPlace.csproj", "{4D4BA1F0-01FF-48F0-9DA8-FC5855507959}"
EndProject
Project("{FAE04EC0-301F-11D3-BF4B-00C04F79EFBC}") = "WebApplication", "WebApplication\WebApplication.csproj", "{76C00962-A3FF-440F-9DBC-5505975288A5}"
EndProject
Global
	GlobalSection(SolutionConfigurationPlatforms) = preSolution
		Debug|Any CPU = Debug|Any CPU
		Release|Any CPU = Release|Any CPU
	EndGlobalSection
	GlobalSection(ProjectConfigurationPlatforms) = postSolution
		{4D4BA1F0-01FF-48F0-9DA8-FC5855507959}.Debug|Any CPU.ActiveCfg = Debug|Any CPU
		{4D4BA1F0-01FF-48F0-9DA8-FC5855507959}.Debug|Any CPU.Build.0 = Debug|Any CPU
		{4D4BA1F0-01FF-48F0-9DA8-FC5855507959}.Release|Any CPU.ActiveCfg = Release|Any CPU
		{4D4BA1F0-01FF-48F0-9DA8-FC5855507959}.Release|Any CPU.Build.0 = Release|Any CPU
		{76C00962-A3FF-440F-9DBC-5505975288A5}.Debug|Any CPU.ActiveCfg = Debug|Any CPU
		{76C00962-A3FF-440F-9DBC-5505975288A5}.Debug|Any CPU.Build.0 = Debug|Any CPU
		{76C00962-A3FF-440F-9DBC-5505975288A5}.Release|Any CPU.ActiveCfg = Release|Any CPU
		{76C00962-A3FF-440F-9DBC-5505975288A5}.Release|Any CPU.Build.0 = Release|Any CPU
	EndGlobalSection
	GlobalSection(SolutionProperties) = preSolution
		HideSolutionNode = FALSE
	EndGlobalSection
	GlobalSection(ExtensibilityGlobals) = postSolution
		SolutionGuid = {8D22F4F3-4AE8-4658-B8CF-BF93E582FAF8}
	EndGlobalSection
EndGlobal
